
Microsoft Visual Studio Solution File, Format Version 12.00
# Visual Studio Version 17
VisualStudioVersion = 17.8.34525.116
MinimumVisualStudioVersion = 10.0.40219.1
Project("{FAE04EC0-301F-11D3-BF4B-00C04F79EFBC}") = "Daily04", "Daily04.csproj", "{92A5A7C7-842B-4367-80DB-CEB480F2A316}"
EndProject
Global
	GlobalSection(SolutionConfigurationPlatforms) = preSolution
		Debug|Any CPU = Debug|Any CPU
		Release|Any CPU = Release|Any CPU
	EndGlobalSection
	GlobalSection(ProjectConfigurationPlatforms) = postSolution
		{92A5A7C7-842B-4367-80DB-CEB480F2A316}.Debug|Any CPU.ActiveCfg = Debug|Any CPU
		{92A5A7C7-842B-4367-80DB-CEB480F2A316}.Debug|Any CPU.Build.0 = Debug|Any CPU
		{92A5A7C7-842B-4367-80DB-CEB480F2A316}.Release|Any CPU.ActiveCfg = Release|Any CPU
		{92A5A7C7-842B-4367-80DB-CEB480F2A316}.Release|Any CPU.Build.0 = Release|Any CPU
	EndGlobalSection
	GlobalSection(SolutionProperties) = preSolution
		HideSolutionNode = FALSE
	EndGlobalSection
	GlobalSection(ExtensibilityGlobals) = postSolution
		SolutionGuid = {112F7719-493C-492C-9D52-060855808ACC}
	EndGlobalSection
EndGlobal
